
Microsoft Visual Studio Solution File, Format Version 12.00
# Visual Studio Version 17
VisualStudioVersion = 17.14.36811.4 d17.14
MinimumVisualStudioVersion = 10.0.40219.1
Project("{FAE04EC0-301F-11D3-BF4B-00C04F79EFBC}") = "StockMaster", "StockMaster\StockMaster.csproj", "{CCCD6121-4A1F-4310-AE75-2B502F20535C}"
EndProject
Global
	GlobalSection(SolutionConfigurationPlatforms) = preSolution
		Debug|Any CPU = Debug|Any CPU
		Release|Any CPU = Release|Any CPU
	EndGlobalSection
	GlobalSection(ProjectConfigurationPlatforms) = postSolution
		{CCCD6121-4A1F-4310-AE75-2B502F20535C}.Debug|Any CPU.ActiveCfg = Debug|Any CPU
		{CCCD6121-4A1F-4310-AE75-2B502F20535C}.Debug|Any CPU.Build.0 = Debug|Any CPU
		{CCCD6121-4A1F-4310-AE75-2B502F20535C}.Release|Any CPU.ActiveCfg = Release|Any CPU
		{CCCD6121-4A1F-4310-AE75-2B502F20535C}.Release|Any CPU.Build.0 = Release|Any CPU
	EndGlobalSection
	GlobalSection(SolutionProperties) = preSolution
		HideSolutionNode = FALSE
	EndGlobalSection
	GlobalSection(ExtensibilityGlobals) = postSolution
		SolutionGuid = {97D471EB-AA7D-4366-B118-7CCD18196619}
	EndGlobalSection
EndGlobal
